
Microsoft Visual Studio Solution File, Format Version 12.00
# Visual Studio Version 17
VisualStudioVersion = 17.5.33424.131
MinimumVisualStudioVersion = 10.0.40219.1
Project("{9A19103F-16F7-4668-BE54-9A1E7A4F7556}") = "HCMS", "HCMS\HCMS.csproj", "{A9802642-23CE-4742-84AB-48DA52511390}"
EndProject
Project("{FAE04EC0-301F-11D3-BF4B-00C04F79EFBC}") = "HCMSapi", "HCMSapi\HCMSapi.csproj", "{D9EDF49F-254D-4F8E-B677-1EDACE173D98}"
EndProject
Global
	GlobalSection(SolutionConfigurationPlatforms) = preSolution
		Debug|Any CPU = Debug|Any CPU
		Release|Any CPU = Release|Any CPU
	EndGlobalSection
	GlobalSection(ProjectConfigurationPlatforms) = postSolution
		{A9802642-23CE-4742-84AB-48DA52511390}.Debug|Any CPU.ActiveCfg = Debug|Any CPU
		{A9802642-23CE-4742-84AB-48DA52511390}.Debug|Any CPU.Build.0 = Debug|Any CPU
		{A9802642-23CE-4742-84AB-48DA52511390}.Release|Any CPU.ActiveCfg = Release|Any CPU
		{A9802642-23CE-4742-84AB-48DA52511390}.Release|Any CPU.Build.0 = Release|Any CPU
		{D9EDF49F-254D-4F8E-B677-1EDACE173D98}.Debug|Any CPU.ActiveCfg = Debug|Any CPU
		{D9EDF49F-254D-4F8E-B677-1EDACE173D98}.Debug|Any CPU.Build.0 = Debug|Any CPU
		{D9EDF49F-254D-4F8E-B677-1EDACE173D98}.Release|Any CPU.ActiveCfg = Release|Any CPU
		{D9EDF49F-254D-4F8E-B677-1EDACE173D98}.Release|Any CPU.Build.0 = Release|Any CPU
	EndGlobalSection
	GlobalSection(SolutionProperties) = preSolution
		HideSolutionNode = FALSE
	EndGlobalSection
	GlobalSection(ExtensibilityGlobals) = postSolution
		SolutionGuid = {9714C88E-D394-4A76-9B25-02F7FFE358F1}
	EndGlobalSection
EndGlobal
